// !$*UTF8*$!
{
	archiveVersion = 1;
	classes = {
	};
	objectVersion = 50;
	objects = {

/* Begin PBXBuildFile section */
		0F2468C126D6AE7F003DB0D8 /* AppDelegate.swift in Sources */ = {isa = PBXBuildFile; fileRef = 0F2468C026D6AE7F003DB0D8 /* AppDelegate.swift */; };
		0F2468C326D6AE7F003DB0D8 /* SceneDelegate.swift in Sources */ = {isa = PBXBuildFile; fileRef = 0F2468C226D6AE7F003DB0D8 /* SceneDelegate.swift */; };
		0F2468C526D6AE7F003DB0D8 /* ViewController.swift in Sources */ = {isa = PBXBuildFile; fileRef = 0F2468C426D6AE7F003DB0D8 /* ViewController.swift */; };
		0F2468C826D6AE7F003DB0D8 /* Main.storyboard in Resources */ = {isa = PBXBuildFile; fileRef = 0F2468C626D6AE7F003DB0D8 /* Main.storyboard */; };
		0F2468CA26D6AE80003DB0D8 /* Assets.xcassets in Resources */ = {isa = PBXBuildFile; fileRef = 0F2468C926D6AE80003DB0D8 /* Assets.xcassets */; };
		0F2468CD26D6AE80003DB0D8 /* LaunchScreen.storyboard in Resources */ = {isa = PBXBuildFile; fileRef = 0F2468CB26D6AE80003DB0D8 /* LaunchScreen.storyboard */; };
		0F2468D826D6AE80003DB0D8 /* QrCodeFullScreenTutorialTests.swift in Sources */ = {isa = PBXBuildFile; fileRef = 0F2468D726D6AE80003DB0D8 /* QrCodeFullScreenTutorialTests.swift */; };
		0F2468E326D6AE80003DB0D8 /* QrCodeFullScreenTutorialUITests.swift in Sources */ = {isa = PBXBuildFile; fileRef = 0F2468E226D6AE80003DB0D8 /* QrCodeFullScreenTutorialUITests.swift */; };
/* End PBXBuildFile section */

/* Begin PBXContainerItemProxy section */
		0F2468D426D6AE80003DB0D8 /* PBXContainerItemProxy */ = {
			isa = PBXContainerItemProxy;
			containerPortal = 0F2468B526D6AE7F003DB0D8 /* Project object */;
			proxyType = 1;
			remoteGlobalIDString = 0F2468BC26D6AE7F003DB0D8;
			remoteInfo = QrCodeFullScreenTutorial;
		};
		0F2468DF26D6AE80003DB0D8 /* PBXContainerItemProxy */ = {
			isa = PBXContainerItemProxy;
			containerPortal = 0F2468B526D6AE7F003DB0D8 /* Project object */;
			proxyType = 1;
			remoteGlobalIDString = 0F2468BC26D6AE7F003DB0D8;
			remoteInfo = QrCodeFullScreenTutorial;
		};
/* End PBXContainerItemProxy section */

/* Begin PBXFileReference section */
		0F2468BD26D6AE7F003DB0D8 /* QrCodeFullScreenTutorial.app */ = {isa = PBXFileReference; explicitFileType = wrapper.application; includeInIndex = 0; path = QrCodeFullScreenTutorial.app; sourceTree = BUILT_PRODUCTS_DIR; };
		0F2468C026D6AE7F003DB0D8 /* AppDelegate.swift */ = {isa = PBXFileReference; lastKnownFileType = sourcecode.swift; path = AppDelegate.swift; sourceTree = "<group>"; };
		0F2468C226D6AE7F003DB0D8 /* SceneDelegate.swift */ = {isa = PBXFileReference; lastKnownFileType = sourcecode.swift; path = SceneDelegate.swift; sourceTree = "<group>"; };
		0F2468C426D6AE7F003DB0D8 /* ViewController.swift */ = {isa = PBXFileReference; lastKnownFileType = sourcecode.swift; path = ViewController.swift; sourceTree = "<group>"; };
		0F2468C726D6AE7F003DB0D8 /* Base */ = {isa = PBXFileReference; lastKnownFileType = file.storyboard; name = Base; path = Base.lproj/Main.storyboard; sourceTree = "<group>"; };
		0F2468C926D6AE80003DB0D8 /* Assets.xcassets */ = {isa = PBXFileReference; lastKnownFileType = folder.assetcatalog; path = Assets.xcassets; sourceTree = "<group>"; };
		0F2468CC26D6AE80003DB0D8 /* Base */ = {isa = PBXFileReference; lastKnownFileType = file.storyboard; name = Base; path = Base.lproj/LaunchScreen.storyboard; sourceTree = "<group>"; };
		0F2468CE26D6AE80003DB0D8 /* Info.plist */ = {isa = PBXFileReference; lastKnownFileType = text.plist.xml; path = Info.plist; sourceTree = "<group>"; };
		0F2468D326D6AE80003DB0D8 /* QrCodeFullScreenTutorialTests.xctest */ = {isa = PBXFileReference; explicitFileType = wrapper.cfbundle; includeInIndex = 0; path = QrCodeFullScreenTutorialTests.xctest; sourceTree = BUILT_PRODUCTS_DIR; };
		0F2468D726D6AE80003DB0D8 /* QrCodeFullScreenTutorialTests.swift */ = {isa = PBXFileReference; lastKnownFileType = sourcecode.swift; path = QrCodeFullScreenTutorialTests.swift; sourceTree = "<group>"; };
		0F2468D926D6AE80003DB0D8 /* Info.plist */ = {isa = PBXFileReference; lastKnownFileType = text.plist.xml; path = Info.plist; sourceTree = "<group>"; };
		0F2468DE26D6AE80003DB0D8 /* QrCodeFullScreenTutorialUITests.xctest */ = {isa = PBXFileReference; explicitFileType = wrapper.cfbundle; includeInIndex = 0; path = QrCodeFullScreenTutorialUITests.xctest; sourceTree = BUILT_PRODUCTS_DIR; };
		0F2468E226D6AE80003DB0D8 /* QrCodeFullScreenTutorialUITests.swift */ = {isa = PBXFileReference; lastKnownFileType = sourcecode.swift; path = QrCodeFullScreenTutorialUITests.swift; sourceTree = "<group>"; };
		0F2468E426D6AE80003DB0D8 /* Info.plist */ = {isa = PBXFileReference; lastKnownFileType = text.plist.xml; path = Info.plist; sourceTree = "<group>"; };
/* End PBXFileReference section */

/* Begin PBXFrameworksBuildPhase section */
		0F2468BA26D6AE7F003DB0D8 /* Frameworks */ = {
			isa = PBXFrameworksBuildPhase;
			buildActionMask = 2147483647;
			files = (
			);
			runOnlyForDeploymentPostprocessing = 0;
		};
		0F2468D026D6AE80003DB0D8 /* Frameworks */ = {
			isa = PBXFrameworksBuildPhase;
			buildActionMask = 2147483647;
			files = (
			);
			runOnlyForDeploymentPostprocessing = 0;
		};
		0F2468DB26D6AE80003DB0D8 /* Frameworks */ = {
			isa = PBXFrameworksBuildPhase;
			buildActionMask = 2147483647;
			files = (
			);
			runOnlyForDeploymentPostprocessing = 0;
		};
/* End PBXFrameworksBuildPhase section */

/* Begin PBXGroup section */
		0F2468B426D6AE7F003DB0D8 = {
			isa = PBXGroup;
			children = (
				0F2468BF26D6AE7F003DB0D8 /* QrCodeFullScreenTutorial */,
				0F2468D626D6AE80003DB0D8 /* QrCodeFullScreenTutorialTests */,
				0F2468E126D6AE80003DB0D8 /* QrCodeFullScreenTutorialUITests */,
				0F2468BE26D6AE7F003DB0D8 /* Products */,
			);
			sourceTree = "<group>";
		};
		0F2468BE26D6AE7F003DB0D8 /* Products */ = {
			isa = PBXGroup;
			children = (
				0F2468BD26D6AE7F003DB0D8 /* QrCodeFullScreenTutorial.app */,
				0F2468D326D6AE80003DB0D8 /* QrCodeFullScreenTutorialTests.xctest */,
				0F2468DE26D6AE80003DB0D8 /* QrCodeFullScreenTutorialUITests.xctest */,
			);
			name = Products;
			sourceTree = "<group>";
		};
		0F2468BF26D6AE7F003DB0D8 /* QrCodeFullScreenTutorial */ = {
			isa = PBXGroup;
			children = (
				0F2468C026D6AE7F003DB0D8 /* AppDelegate.swift */,
				0F2468C226D6AE7F003DB0D8 /* SceneDelegate.swift */,
				0F2468C426D6AE7F003DB0D8 /* ViewController.swift */,
				0F2468C626D6AE7F003DB0D8 /* Main.storyboard */,
				0F2468C926D6AE80003DB0D8 /* Assets.xcassets */,
				0F2468CB26D6AE80003DB0D8 /* LaunchScreen.storyboard */,
				0F2468CE26D6AE80003DB0D8 /* Info.plist */,
			);
			path = QrCodeFullScreenTutorial;
			sourceTree = "<group>";
		};
		0F2468D626D6AE80003DB0D8 /* QrCodeFullScreenTutorialTests */ = {
			isa = PBXGroup;
			children = (
				0F2468D726D6AE80003DB0D8 /* QrCodeFullScreenTutorialTests.swift */,
				0F2468D926D6AE80003DB0D8 /* Info.plist */,
			);
			path = QrCodeFullScreenTutorialTests;
			sourceTree = "<group>";
		};
		0F2468E126D6AE80003DB0D8 /* QrCodeFullScreenTutorialUITests */ = {
			isa = PBXGroup;
			children = (
				0F2468E226D6AE80003DB0D8 /* QrCodeFullScreenTutorialUITests.swift */,
				0F2468E426D6AE80003DB0D8 /* Info.plist */,
			);
			path = QrCodeFullScreenTutorialUITests;
			sourceTree = "<group>";
		};
/* End PBXGroup section */

/* Begin PBXNativeTarget section */
		0F2468BC26D6AE7F003DB0D8 /* QrCodeFullScreenTutorial */ = {
			isa = PBXNativeTarget;
			buildConfigurationList = 0F2468E726D6AE80003DB0D8 /* Build configuration list for PBXNativeTarget "QrCodeFullScreenTutorial" */;
			buildPhases = (
				0F2468B926D6AE7F003DB0D8 /* Sources */,
				0F2468BA26D6AE7F003DB0D8 /* Frameworks */,
				0F2468BB26D6AE7F003DB0D8 /* Resources */,
			);
			buildRules = (
			);
			dependencies = (
			);
			name = QrCodeFullScreenTutorial;
			productName = QrCodeFullScreenTutorial;
			productReference = 0F2468BD26D6AE7F003DB0D8 /* QrCodeFullScreenTutorial.app */;
			productType = "com.apple.product-type.application";
		};
		0F2468D226D6AE80003DB0D8 /* QrCodeFullScreenTutorialTests */ = {
			isa = PBXNativeTarget;
			buildConfigurationList = 0F2468EA26D6AE80003DB0D8 /* Build configuration list for PBXNativeTarget "QrCodeFullScreenTutorialTests" */;
			buildPhases = (
				0F2468CF26D6AE80003DB0D8 /* Sources */,
				0F2468D026D6AE80003DB0D8 /* Frameworks */,
				0F2468D126D6AE80003DB0D8 /* Resources */,
			);
			buildRules = (
			);
			dependencies = (
				0F2468D526D6AE80003DB0D8 /* PBXTargetDependency */,
			);
			name = QrCodeFullScreenTutorialTests;
			productName = QrCodeFullScreenTutorialTests;
			productReference = 0F2468D326D6AE80003DB0D8 /* QrCodeFullScreenTutorialTests.xctest */;
			productType = "com.apple.product-type.bundle.unit-test";
		};
		0F2468DD26D6AE80003DB0D8 /* QrCodeFullScreenTutorialUITests */ = {
			isa = PBXNativeTarget;
			buildConfigurationList = 0F2468ED26D6AE80003DB0D8 /* Build configuration list for PBXNativeTarget "QrCodeFullScreenTutorialUITests" */;
			buildPhases = (
				0F2468DA26D6AE80003DB0D8 /* Sources */,
				0F2468DB26D6AE80003DB0D8 /* Frameworks */,
				0F2468DC26D6AE80003DB0D8 /* Resources */,
			);
			buildRules = (
			);
			dependencies = (
				0F2468E026D6AE80003DB0D8 /* PBXTargetDependency */,
			);
			name = QrCodeFullScreenTutorialUITests;
			productName = QrCodeFullScreenTutorialUITests;
			productReference = 0F2468DE26D6AE80003DB0D8 /* QrCodeFullScreenTutorialUITests.xctest */;
			productType = "com.apple.product-type.bundle.ui-testing";
		};
/* End PBXNativeTarget section */

/* Begin PBXProject section */
		0F2468B526D6AE7F003DB0D8 /* Project object */ = {
			isa = PBXProject;
			attributes = {
				LastSwiftUpdateCheck = 1250;
				LastUpgradeCheck = 1250;
				TargetAttributes = {
					0F2468BC26D6AE7F003DB0D8 = {
						CreatedOnToolsVersion = 12.5.1;
					};
					0F2468D226D6AE80003DB0D8 = {
						CreatedOnToolsVersion = 12.5.1;
						TestTargetID = 0F2468BC26D6AE7F003DB0D8;
					};
					0F2468DD26D6AE80003DB0D8 = {
						CreatedOnToolsVersion = 12.5.1;
						TestTargetID = 0F2468BC26D6AE7F003DB0D8;
					};
				};
			};
			buildConfigurationList = 0F2468B826D6AE7F003DB0D8 /* Build configuration list for PBXProject "QrCodeFullScreenTutorial" */;
			compatibilityVersion = "Xcode 9.3";
			developmentRegion = en;
			hasScannedForEncodings = 0;
			knownRegions = (
				en,
				Base,
			);
			mainGroup = 0F2468B426D6AE7F003DB0D8;
			productRefGroup = 0F2468BE26D6AE7F003DB0D8 /* Products */;
			projectDirPath = "";
			projectRoot = "";
			targets = (
				0F2468BC26D6AE7F003DB0D8 /* QrCodeFullScreenTutorial */,
				0F2468D226D6AE80003DB0D8 /* QrCodeFullScreenTutorialTests */,
				0F2468DD26D6AE80003DB0D8 /* QrCodeFullScreenTutorialUITests */,
			);
		};
/* End PBXProject section */

/* Begin PBXResourcesBuildPhase section */
		0F2468BB26D6AE7F003DB0D8 /* Resources */ = {
			isa = PBXResourcesBuildPhase;
			buildActionMask = 2147483647;
			files = (
				0F2468CD26D6AE80003DB0D8 /* LaunchScreen.storyboard in Resources */,
				0F2468CA26D6AE80003DB0D8 /* Assets.xcassets in Resources */,
				0F2468C826D6AE7F003DB0D8 /* Main.storyboard in Resources */,
			);
			runOnlyForDeploymentPostprocessing = 0;
		};
		0F2468D126D6AE80003DB0D8 /* Resources */ = {
			isa = PBXResourcesBuildPhase;
			buildActionMask = 2147483647;
			files = (
			);
			runOnlyForDeploymentPostprocessing = 0;
		};
		0F2468DC26D6AE80003DB0D8 /* Resources */ = {
			isa = PBXResourcesBuildPhase;
			buildActionMask = 2147483647;
			files = (
			);
			runOnlyForDeploymentPostprocessing = 0;
		};
/* End PBXResourcesBuildPhase section */

/* Begin PBXSourcesBuildPhase section */
		0F2468B926D6AE7F003DB0D8 /* Sources */ = {
			isa = PBXSourcesBuildPhase;
			buildActionMask = 2147483647;
			files = (
				0F2468C526D6AE7F003DB0D8 /* ViewController.swift in Sources */,
				0F2468C126D6AE7F003DB0D8 /* AppDelegate.swift in Sources */,
				0F2468C326D6AE7F003DB0D8 /* SceneDelegate.swift in Sources */,
			);
			runOnlyForDeploymentPostprocessing = 0;
		};
		0F2468CF26D6AE80003DB0D8 /* Sources */ = {
			isa = PBXSourcesBuildPhase;
			buildActionMask = 2147483647;
			files = (
				0F2468D826D6AE80003DB0D8 /* QrCodeFullScreenTutorialTests.swift in Sources */,
			);
			runOnlyForDeploymentPostprocessing = 0;
		};
		0F2468DA26D6AE80003DB0D8 /* Sources */ = {
			isa = PBXSourcesBuildPhase;
			buildActionMask = 2147483647;
			files = (
				0F2468E326D6AE80003DB0D8 /* QrCodeFullScreenTutorialUITests.swift in Sources */,
			);
			runOnlyForDeploymentPostprocessing = 0;
		};
/* End PBXSourcesBuildPhase section */

/* Begin PBXTargetDependency section */
		0F2468D526D6AE80003DB0D8 /* PBXTargetDependency */ = {
			isa = PBXTargetDependency;
			target = 0F2468BC26D6AE7F003DB0D8 /* QrCodeFullScreenTutorial */;
			targetProxy = 0F2468D426D6AE80003DB0D8 /* PBXContainerItemProxy */;
		};
		0F2468E026D6AE80003DB0D8 /* PBXTargetDependency */ = {
			isa = PBXTargetDependency;
			target = 0F2468BC26D6AE7F003DB0D8 /* QrCodeFullScreenTutorial */;
			targetProxy = 0F2468DF26D6AE80003DB0D8 /* PBXContainerItemProxy */;
		};
/* End PBXTargetDependency section */

/* Begin PBXVariantGroup section */
		0F2468C626D6AE7F003DB0D8 /* Main.storyboard */ = {
			isa = PBXVariantGroup;
			children = (
				0F2468C726D6AE7F003DB0D8 /* Base */,
			);
			name = Main.storyboard;
			sourceTree = "<group>";
		};
		0F2468CB26D6AE80003DB0D8 /* LaunchScreen.storyboard */ = {
			isa = PBXVariantGroup;
			children = (
				0F2468CC26D6AE80003DB0D8 /* Base */,
			);
			name = LaunchScreen.storyboard;
			sourceTree = "<group>";
		};
/* End PBXVariantGroup section */

/* Begin XCBuildConfiguration section */
		0F2468E526D6AE80003DB0D8 /* Debug */ = {
			isa = XCBuildConfiguration;
			buildSettings = {
				ALWAYS_SEARCH_USER_PATHS = NO;
				CLANG_ANALYZER_NONNULL = YES;
				CLANG_ANALYZER_NUMBER_OBJECT_CONVERSION = YES_AGGRESSIVE;
				CLANG_CXX_LANGUAGE_STANDARD = "gnu++14";
				CLANG_CXX_LIBRARY = "libc++";
				CLANG_ENABLE_MODULES = YES;
				CLANG_ENABLE_OBJC_ARC = YES;
				CLANG_ENABLE_OBJC_WEAK = YES;
				CLANG_WARN_BLOCK_CAPTURE_AUTORELEASING = YES;
				CLANG_WARN_BOOL_CONVERSION = YES;
				CLANG_WARN_COMMA = YES;
				CLANG_WARN_CONSTANT_CONVERSION = YES;
				CLANG_WARN_DEPRECATED_OBJC_IMPLEMENTATIONS = YES;
				CLANG_WARN_DIRECT_OBJC_ISA_USAGE = YES_ERROR;
				CLANG_WARN_DOCUMENTATION_COMMENTS = YES;
				CLANG_WARN_EMPTY_BODY = YES;
				CLANG_WARN_ENUM_CONVERSION = YES;
				CLANG_WARN_INFINITE_RECURSION = YES;
				CLANG_WARN_INT_CONVERSION = YES;
				CLANG_WARN_NON_LITERAL_NULL_CONVERSION = YES;
				CLANG_WARN_OBJC_IMPLICIT_RETAIN_SELF = YES;
				CLANG_WARN_OBJC_LITERAL_CONVERSION = YES;
				CLANG_WARN_OBJC_ROOT_CLASS = YES_ERROR;
				CLANG_WARN_QUOTED_INCLUDE_IN_FRAMEWORK_HEADER = YES;
				CLANG_WARN_RANGE_LOOP_ANALYSIS = YES;
				CLANG_WARN_STRICT_PROTOTYPES = YES;
				CLANG_WARN_SUSPICIOUS_MOVE = YES;
				CLANG_WARN_UNGUARDED_AVAILABILITY = YES_AGGRESSIVE;
				CLANG_WARN_UNREACHABLE_CODE = YES;
				CLANG_WARN__DUPLICATE_METHOD_MATCH = YES;
				COPY_PHASE_STRIP = NO;
				DEBUG_INFORMATION_FORMAT = dwarf;
				ENABLE_STRICT_OBJC_MSGSEND = YES;
				ENABLE_TESTABILITY = YES;
				GCC_C_LANGUAGE_STANDARD = gnu11;
				GCC_DYNAMIC_NO_PIC = NO;
				GCC_NO_COMMON_BLOCKS = YES;
				GCC_OPTIMIZATION_LEVEL = 0;
				GCC_PREPROCESSOR_DEFINITIONS = (
					"DEBUG=1",
					"$(inherited)",
				);
				GCC_WARN_64_TO_32_BIT_CONVERSION = YES;
				GCC_WARN_ABOUT_RETURN_TYPE = YES_ERROR;
				GCC_WARN_UNDECLARED_SELECTOR = YES;
				GCC_WARN_UNINITIALIZED_AUTOS = YES_AGGRESSIVE;
				GCC_WARN_UNUSED_FUNCTION = YES;
				GCC_WARN_UNUSED_VARIABLE = YES;
				IPHONEOS_DEPLOYMENT_TARGET = 14.5;
				MTL_ENABLE_DEBUG_INFO = INCLUDE_SOURCE;
				MTL_FAST_MATH = YES;
				ONLY_ACTIVE_ARCH = YES;
				SDKROOT = iphoneos;
				SWIFT_ACTIVE_COMPILATION_CONDITIONS = DEBUG;
				SWIFT_OPTIMIZATION_LEVEL = "-Onone";
			};
			name = Debug;
		};
		0F2468E626D6AE80003DB0D8 /* Release */ = {
			isa = XCBuildConfiguration;
			buildSettings = {
				ALWAYS_SEARCH_USER_PATHS = NO;
				CLANG_ANALYZER_NONNULL = YES;
				CLANG_ANALYZER_NUMBER_OBJECT_CONVERSION = YES_AGGRESSIVE;
				CLANG_CXX_LANGUAGE_STANDARD = "gnu++14";
				CLANG_CXX_LIBRARY = "libc++";
				CLANG_ENABLE_MODULES = YES;
				CLANG_ENABLE_OBJC_ARC = YES;
				CLANG_ENABLE_OBJC_WEAK = YES;
				CLANG_WARN_BLOCK_CAPTURE_AUTORELEASING = YES;
				CLANG_WARN_BOOL_CONVERSION = YES;
				CLANG_WARN_COMMA = YES;
				CLANG_WARN_CONSTANT_CONVERSION = YES;
				CLANG_WARN_DEPRECATED_OBJC_IMPLEMENTATIONS = YES;
				CLANG_WARN_DIRECT_OBJC_ISA_USAGE = YES_ERROR;
				CLANG_WARN_DOCUMENTATION_COMMENTS = YES;
				CLANG_WARN_EMPTY_BODY = YES;
				CLANG_WARN_ENUM_CONVERSION = YES;
				CLANG_WARN_INFINITE_RECURSION = YES;
				CLANG_WARN_INT_CONVERSION = YES;
				CLANG_WARN_NON_LITERAL_NULL_CONVERSION = YES;
				CLANG_WARN_OBJC_IMPLICIT_RETAIN_SELF = YES;
				CLANG_WARN_OBJC_LITERAL_CONVERSION = YES;
				CLANG_WARN_OBJC_ROOT_CLASS = YES_ERROR;
				CLANG_WARN_QUOTED_INCLUDE_IN_FRAMEWORK_HEADER = YES;
				CLANG_WARN_RANGE_LOOP_ANALYSIS = YES;
				CLANG_WARN_STRICT_PROTOTYPES = YES;
				CLANG_WARN_SUSPICIOUS_MOVE = YES;
				CLANG_WARN_UNGUARDED_AVAILABILITY = YES_AGGRESSIVE;
				CLANG_WARN_UNREACHABLE_CODE = YES;
				CLANG_WARN__DUPLICATE_METHOD_MATCH = YES;
				COPY_PHASE_STRIP = NO;
				DEBUG_INFORMATION_FORMAT = "dwarf-with-dsym";
				ENABLE_NS_ASSERTIONS = NO;
				ENABLE_STRICT_OBJC_MSGSEND = YES;
				GCC_C_LANGUAGE_STANDARD = gnu11;
				GCC_NO_COMMON_BLOCKS = YES;
				GCC_WARN_64_TO_32_BIT_CONVERSION = YES;
				GCC_WARN_ABOUT_RETURN_TYPE = YES_ERROR;
				GCC_WARN_UNDECLARED_SELECTOR = YES;
				GCC_WARN_UNINITIALIZED_AUTOS = YES_AGGRESSIVE;
				GCC_WARN_UNUSED_FUNCTION = YES;
				GCC_WARN_UNUSED_VARIABLE = YES;
				IPHONEOS_DEPLOYMENT_TARGET = 14.5;
				MTL_ENABLE_DEBUG_INFO = NO;
				MTL_FAST_MATH = YES;
				SDKROOT = iphoneos;
				SWIFT_COMPILATION_MODE = wholemodule;
				SWIFT_OPTIMIZATION_LEVEL = "-O";
				VALIDATE_PRODUCT = YES;
			};
			name = Release;
		};
		0F2468E826D6AE80003DB0D8 /* Debug */ = {
			isa = XCBuildConfiguration;
			buildSettings = {
				ASSETCATALOG_COMPILER_APPICON_NAME = AppIcon;
				ASSETCATALOG_COMPILER_GLOBAL_ACCENT_COLOR_NAME = AccentColor;
				CODE_SIGN_STYLE = Automatic;
				DEVELOPMENT_TEAM = J7MH5N2BKX;
				INFOPLIST_FILE = QrCodeFullScreenTutorial/Info.plist;
				LD_RUNPATH_SEARCH_PATHS = (
					"$(inherited)",
					"@executable_path/Frameworks",
				);
				PRODUCT_BUNDLE_IDENTIFIER = com.byoungil.youn.QrCodeFullScreenTutorial;
				PRODUCT_NAME = "$(TARGET_NAME)";
				SWIFT_VERSION = 5.0;
				TARGETED_DEVICE_FAMILY = "1,2";
			};
			name = Debug;
		};
		0F2468E926D6AE80003DB0D8 /* Release */ = {
			isa = XCBuildConfiguration;
			buildSettings = {
				ASSETCATALOG_COMPILER_APPICON_NAME = AppIcon;
				ASSETCATALOG_COMPILER_GLOBAL_ACCENT_COLOR_NAME = AccentColor;
				CODE_SIGN_STYLE = Automatic;
				DEVELOPMENT_TEAM = J7MH5N2BKX;
				INFOPLIST_FILE = QrCodeFullScreenTutorial/Info.plist;
				LD_RUNPATH_SEARCH_PATHS = (
					"$(inherited)",
					"@executable_path/Frameworks",
				);
				PRODUCT_BUNDLE_IDENTIFIER = com.byoungil.youn.QrCodeFullScreenTutorial;
				PRODUCT_NAME = "$(TARGET_NAME)";
				SWIFT_VERSION = 5.0;
				TARGETED_DEVICE_FAMILY = "1,2";
			};
			name = Release;
		};
		0F2468EB26D6AE80003DB0D8 /* Debug */ = {
			isa = XCBuildConfiguration;
			buildSettings = {
				ALWAYS_EMBED_SWIFT_STANDARD_LIBRARIES = YES;
				BUNDLE_LOADER = "$(TEST_HOST)";
				CODE_SIGN_STYLE = Automatic;
				DEVELOPMENT_TEAM = J7MH5N2BKX;
				INFOPLIST_FILE = QrCodeFullScreenTutorialTests/Info.plist;
				IPHONEOS_DEPLOYMENT_TARGET = 14.5;
				LD_RUNPATH_SEARCH_PATHS = (
					"$(inherited)",
					"@executable_path/Frameworks",
					"@loader_path/Frameworks",
				);
				PRODUCT_BUNDLE_IDENTIFIER = com.byoungil.youn.QrCodeFullScreenTutorialTests;
				PRODUCT_NAME = "$(TARGET_NAME)";
				SWIFT_VERSION = 5.0;
				TARGETED_DEVICE_FAMILY = "1,2";
				TEST_HOST = "$(BUILT_PRODUCTS_DIR)/QrCodeFullScreenTutorial.app/QrCodeFullScreenTutorial";
			};
			name = Debug;
		};
		0F2468EC26D6AE80003DB0D8 /* Release */ = {
			isa = XCBuildConfiguration;
			buildSettings = {
				ALWAYS_EMBED_SWIFT_STANDARD_LIBRARIES = YES;
				BUNDLE_LOADER = "$(TEST_HOST)";
				CODE_SIGN_STYLE = Automatic;
				DEVELOPMENT_TEAM = J7MH5N2BKX;
				INFOPLIST_FILE = QrCodeFullScreenTutorialTests/Info.plist;
				IPHONEOS_DEPLOYMENT_TARGET = 14.5;
				LD_RUNPATH_SEARCH_PATHS = (
					"$(inherited)",
					"@executable_path/Frameworks",
					"@loader_path/Frameworks",
				);
				PRODUCT_BUNDLE_IDENTIFIER = com.byoungil.youn.QrCodeFullScreenTutorialTests;
				PRODUCT_NAME = "$(TARGET_NAME)";
				SWIFT_VERSION = 5.0;
				TARGETED_DEVICE_FAMILY = "1,2";
				TEST_HOST = "$(BUILT_PRODUCTS_DIR)/QrCodeFullScreenTutorial.app/QrCodeFullScreenTutorial";
			};
			name = Release;
		};
		0F2468EE26D6AE80003DB0D8 /* Debug */ = {
			isa = XCBuildConfiguration;
			buildSettings = {
				ALWAYS_EMBED_SWIFT_STANDARD_LIBRARIES = YES;
				CODE_SIGN_STYLE = Automatic;
				DEVELOPMENT_TEAM = J7MH5N2BKX;
				INFOPLIST_FILE = QrCodeFullScreenTutorialUITests/Info.plist;
				LD_RUNPATH_SEARCH_PATHS = (
					"$(inherited)",
					"@executable_path/Frameworks",
					"@loader_path/Frameworks",
				);
				PRODUCT_BUNDLE_IDENTIFIER = com.byoungil.youn.QrCodeFullScreenTutorialUITests;
				PRODUCT_NAME = "$(TARGET_NAME)";
				SWIFT_VERSION = 5.0;
				TARGETED_DEVICE_FAMILY = "1,2";
				TEST_TARGET_NAME = QrCodeFullScreenTutorial;
			};
			name = Debug;
		};
		0F2468EF26D6AE80003DB0D8 /* Release */ = {
			isa = XCBuildConfiguration;
			buildSettings = {
				ALWAYS_EMBED_SWIFT_STANDARD_LIBRARIES = YES;
				CODE_SIGN_STYLE = Automatic;
				DEVELOPMENT_TEAM = J7MH5N2BKX;
				INFOPLIST_FILE = QrCodeFullScreenTutorialUITests/Info.plist;
				LD_RUNPATH_SEARCH_PATHS = (
					"$(inherited)",
					"@executable_path/Frameworks",
					"@loader_path/Frameworks",
				);
				PRODUCT_BUNDLE_IDENTIFIER = com.byoungil.youn.QrCodeFullScreenTutorialUITests;
				PRODUCT_NAME = "$(TARGET_NAME)";
				SWIFT_VERSION = 5.0;
				TARGETED_DEVICE_FAMILY = "1,2";
				TEST_TARGET_NAME = QrCodeFullScreenTutorial;
			};
			name = Release;
		};
/* End XCBuildConfiguration section */

/* Begin XCConfigurationList section */
		0F2468B826D6AE7F003DB0D8 /* Build configuration list for PBXProject "QrCodeFullScreenTutorial" */ = {
			isa = XCConfigurationList;
			buildConfigurations = (
				0F2468E526D6AE80003DB0D8 /* Debug */,
				0F2468E626D6AE80003DB0D8 /* Release */,
			);
			defaultConfigurationIsVisible = 0;
			defaultConfigurationName = Release;
		};
		0F2468E726D6AE80003DB0D8 /* Build configuration list for PBXNativeTarget "QrCodeFullScreenTutorial" */ = {
			isa = XCConfigurationList;
			buildConfigurations = (
				0F2468E826D6AE80003DB0D8 /* Debug */,
				0F2468E926D6AE80003DB0D8 /* Release */,
			);
			defaultConfigurationIsVisible = 0;
			defaultConfigurationName = Release;
		};
		0F2468EA26D6AE80003DB0D8 /* Build configuration list for PBXNativeTarget "QrCodeFullScreenTutorialTests" */ = {
			isa = XCConfigurationList;
			buildConfigurations = (
				0F2468EB26D6AE80003DB0D8 /* Debug */,
				0F2468EC26D6AE80003DB0D8 /* Release */,
			);
			defaultConfigurationIsVisible = 0;
			defaultConfigurationName = Release;
		};
		0F2468ED26D6AE80003DB0D8 /* Build configuration list for PBXNativeTarget "QrCodeFullScreenTutorialUITests" */ = {
			isa = XCConfigurationList;
			buildConfigurations = (
				0F2468EE26D6AE80003DB0D8 /* Debug */,
				0F2468EF26D6AE80003DB0D8 /* Release */,
			);
			defaultConfigurationIsVisible = 0;
			defaultConfigurationName = Release;
		};
/* End XCConfigurationList section */
	};
	rootObject = 0F2468B526D6AE7F003DB0D8 /* Project object */;
}
